
Microsoft Visual Studio Solution File, Format Version 12.00
# Visual Studio Version 17
VisualStudioVersion = 17.0.32112.339
MinimumVisualStudioVersion = 10.0.40219.1
Project("{2150E333-8FDC-42A3-9474-1A3956D46DE8}") = "Services", "Services", "{3463CF37-EB91-479E-978F-95BA062FCE14}"
EndProject
Project("{2150E333-8FDC-42A3-9474-1A3956D46DE8}") = "Catalog", "Catalog", "{E2E8B51D-58F2-4EBD-AEBA-F02BA642E913}"
EndProject
Project("{9A19103F-16F7-4668-BE54-9A1E7A4F7556}") = "Catalog.API", "Services\Catalog\Catalog.API\Catalog.API.csproj", "{C0A95F78-BF61-49C0-B370-AB9C0E426247}"
EndProject
Project("{E53339B2-1760-4266-BCC7-CA923CBCF16C}") = "docker-compose", "docker-compose.dcproj", "{3F8A3505-06B2-4317-B523-934E2004D708}"
EndProject
Project("{2150E333-8FDC-42A3-9474-1A3956D46DE8}") = "Basket", "Basket", "{89C5ED3F-8D43-45B3-956D-19361D9044A1}"
EndProject
Project("{9A19103F-16F7-4668-BE54-9A1E7A4F7556}") = "Basket.API", "Services\Basket\Basket.API\Basket.API.csproj", "{C0831DD0-B7B3-468B-AB21-AF8D3D235E87}"
EndProject
Project("{2150E333-8FDC-42A3-9474-1A3956D46DE8}") = "Discount", "Discount", "{FFCA74D3-AEC0-4D92-A4D5-5BB2997920B8}"
EndProject
Project("{9A19103F-16F7-4668-BE54-9A1E7A4F7556}") = "Discount.API", "Services\Discount\Discount.API\Discount.API.csproj", "{55555C83-77BF-4C0C-942C-E402888F664A}"
EndProject
Project("{9A19103F-16F7-4668-BE54-9A1E7A4F7556}") = "Discount.Grpc", "Services\Discount\Discount.Grpc\Discount.Grpc.csproj", "{E404563E-053C-44EC-A9AA-1FB5D605A6E6}"
EndProject
Project("{2150E333-8FDC-42A3-9474-1A3956D46DE8}") = "Ordering", "Ordering", "{8B86F5FF-4AC0-4D45-8C1D-A4716C43E946}"
EndProject
Project("{9A19103F-16F7-4668-BE54-9A1E7A4F7556}") = "Ordering.API", "Services\Ordering\Ordering.API\Ordering.API.csproj", "{25207E18-D7D4-485A-B136-E045C6B1A388}"
EndProject
Project("{9A19103F-16F7-4668-BE54-9A1E7A4F7556}") = "Ordering.Domain", "Services\Ordering\Ordering.Domain\Ordering.Domain.csproj", "{3B6C3BB1-CD1F-4ADB-A55C-EB1E0F49FB8F}"
EndProject
Project("{9A19103F-16F7-4668-BE54-9A1E7A4F7556}") = "Ordering.Application", "Services\Ordering\Ordering.Application\Ordering.Application.csproj", "{13F7A466-EC63-4EB8-9020-10A64223C93E}"
EndProject
Project("{9A19103F-16F7-4668-BE54-9A1E7A4F7556}") = "Ordering.Infrastructure", "Services\Ordering\Ordering.Infrastructure\Ordering.Infrastructure.csproj", "{F3C38C6F-29D0-4CE3-AB44-954DF62A2417}"
EndProject
Project("{2150E333-8FDC-42A3-9474-1A3956D46DE8}") = "Shared", "Shared", "{CCA9C045-421C-4B9D-A17A-03F911A214FF}"
EndProject
Project("{9A19103F-16F7-4668-BE54-9A1E7A4F7556}") = "EventBus.Messages", "Shared\EventBus.Messages\EventBus.Messages.csproj", "{EAB72022-8EC5-4162-8CF2-56E6CA6F0F3E}"
EndProject
Project("{2150E333-8FDC-42A3-9474-1A3956D46DE8}") = "ApiGateways", "ApiGateways", "{D1F806F0-8669-408A-BCB1-B0398653262E}"
EndProject
Project("{FAE04EC0-301F-11D3-BF4B-00C04F79EFBC}") = "OcelotApiGw", "ApiGateways\OcelotApiGw\OcelotApiGw.csproj", "{1A616598-9931-493E-BAAC-49930AB6BAC3}"
EndProject
Global
	GlobalSection(SolutionConfigurationPlatforms) = preSolution
		Debug|Any CPU = Debug|Any CPU
		Release|Any CPU = Release|Any CPU
	EndGlobalSection
	GlobalSection(ProjectConfigurationPlatforms) = postSolution
		{C0A95F78-BF61-49C0-B370-AB9C0E426247}.Debug|Any CPU.ActiveCfg = Debug|Any CPU
		{C0A95F78-BF61-49C0-B370-AB9C0E426247}.Debug|Any CPU.Build.0 = Debug|Any CPU
		{C0A95F78-BF61-49C0-B370-AB9C0E426247}.Release|Any CPU.ActiveCfg = Release|Any CPU
		{C0A95F78-BF61-49C0-B370-AB9C0E426247}.Release|Any CPU.Build.0 = Release|Any CPU
		{3F8A3505-06B2-4317-B523-934E2004D708}.Debug|Any CPU.ActiveCfg = Debug|Any CPU
		{3F8A3505-06B2-4317-B523-934E2004D708}.Debug|Any CPU.Build.0 = Debug|Any CPU
		{3F8A3505-06B2-4317-B523-934E2004D708}.Release|Any CPU.ActiveCfg = Release|Any CPU
		{3F8A3505-06B2-4317-B523-934E2004D708}.Release|Any CPU.Build.0 = Release|Any CPU
		{C0831DD0-B7B3-468B-AB21-AF8D3D235E87}.Debug|Any CPU.ActiveCfg = Debug|Any CPU
		{C0831DD0-B7B3-468B-AB21-AF8D3D235E87}.Debug|Any CPU.Build.0 = Debug|Any CPU
		{C0831DD0-B7B3-468B-AB21-AF8D3D235E87}.Release|Any CPU.ActiveCfg = Release|Any CPU
		{C0831DD0-B7B3-468B-AB21-AF8D3D235E87}.Release|Any CPU.Build.0 = Release|Any CPU
		{55555C83-77BF-4C0C-942C-E402888F664A}.Debug|Any CPU.ActiveCfg = Debug|Any CPU
		{55555C83-77BF-4C0C-942C-E402888F664A}.Debug|Any CPU.Build.0 = Debug|Any CPU
		{55555C83-77BF-4C0C-942C-E402888F664A}.Release|Any CPU.ActiveCfg = Release|Any CPU
		{55555C83-77BF-4C0C-942C-E402888F664A}.Release|Any CPU.Build.0 = Release|Any CPU
		{E404563E-053C-44EC-A9AA-1FB5D605A6E6}.Debug|Any CPU.ActiveCfg = Debug|Any CPU
		{E404563E-053C-44EC-A9AA-1FB5D605A6E6}.Debug|Any CPU.Build.0 = Debug|Any CPU
		{E404563E-053C-44EC-A9AA-1FB5D605A6E6}.Release|Any CPU.ActiveCfg = Release|Any CPU
		{E404563E-053C-44EC-A9AA-1FB5D605A6E6}.Release|Any CPU.Build.0 = Release|Any CPU
		{25207E18-D7D4-485A-B136-E045C6B1A388}.Debug|Any CPU.ActiveCfg = Debug|Any CPU
		{25207E18-D7D4-485A-B136-E045C6B1A388}.Debug|Any CPU.Build.0 = Debug|Any CPU
		{25207E18-D7D4-485A-B136-E045C6B1A388}.Release|Any CPU.ActiveCfg = Release|Any CPU
		{25207E18-D7D4-485A-B136-E045C6B1A388}.Release|Any CPU.Build.0 = Release|Any CPU
		{3B6C3BB1-CD1F-4ADB-A55C-EB1E0F49FB8F}.Debug|Any CPU.ActiveCfg = Debug|Any CPU
		{3B6C3BB1-CD1F-4ADB-A55C-EB1E0F49FB8F}.Debug|Any CPU.Build.0 = Debug|Any CPU
		{3B6C3BB1-CD1F-4ADB-A55C-EB1E0F49FB8F}.Release|Any CPU.ActiveCfg = Release|Any CPU
		{3B6C3BB1-CD1F-4ADB-A55C-EB1E0F49FB8F}.Release|Any CPU.Build.0 = Release|Any CPU
		{13F7A466-EC63-4EB8-9020-10A64223C93E}.Debug|Any CPU.ActiveCfg = Debug|Any CPU
		{13F7A466-EC63-4EB8-9020-10A64223C93E}.Debug|Any CPU.Build.0 = Debug|Any CPU
		{13F7A466-EC63-4EB8-9020-10A64223C93E}.Release|Any CPU.ActiveCfg = Release|Any CPU
		{13F7A466-EC63-4EB8-9020-10A64223C93E}.Release|Any CPU.Build.0 = Release|Any CPU
		{F3C38C6F-29D0-4CE3-AB44-954DF62A2417}.Debug|Any CPU.ActiveCfg = Debug|Any CPU
		{F3C38C6F-29D0-4CE3-AB44-954DF62A2417}.Debug|Any CPU.Build.0 = Debug|Any CPU
		{F3C38C6F-29D0-4CE3-AB44-954DF62A2417}.Release|Any CPU.ActiveCfg = Release|Any CPU
		{F3C38C6F-29D0-4CE3-AB44-954DF62A2417}.Release|Any CPU.Build.0 = Release|Any CPU
		{EAB72022-8EC5-4162-8CF2-56E6CA6F0F3E}.Debug|Any CPU.ActiveCfg = Debug|Any CPU
		{EAB72022-8EC5-4162-8CF2-56E6CA6F0F3E}.Debug|Any CPU.Build.0 = Debug|Any CPU
		{EAB72022-8EC5-4162-8CF2-56E6CA6F0F3E}.Release|Any CPU.ActiveCfg = Release|Any CPU
		{EAB72022-8EC5-4162-8CF2-56E6CA6F0F3E}.Release|Any CPU.Build.0 = Release|Any CPU
		{1A616598-9931-493E-BAAC-49930AB6BAC3}.Debug|Any CPU.ActiveCfg = Debug|Any CPU
		{1A616598-9931-493E-BAAC-49930AB6BAC3}.Debug|Any CPU.Build.0 = Debug|Any CPU
		{1A616598-9931-493E-BAAC-49930AB6BAC3}.Release|Any CPU.ActiveCfg = Release|Any CPU
		{1A616598-9931-493E-BAAC-49930AB6BAC3}.Release|Any CPU.Build.0 = Release|Any CPU
	EndGlobalSection
	GlobalSection(SolutionProperties) = preSolution
		HideSolutionNode = FALSE
	EndGlobalSection
	GlobalSection(NestedProjects) = preSolution
		{E2E8B51D-58F2-4EBD-AEBA-F02BA642E913} = {3463CF37-EB91-479E-978F-95BA062FCE14}
		{C0A95F78-BF61-49C0-B370-AB9C0E426247} = {E2E8B51D-58F2-4EBD-AEBA-F02BA642E913}
		{89C5ED3F-8D43-45B3-956D-19361D9044A1} = {3463CF37-EB91-479E-978F-95BA062FCE14}
		{C0831DD0-B7B3-468B-AB21-AF8D3D235E87} = {89C5ED3F-8D43-45B3-956D-19361D9044A1}
		{FFCA74D3-AEC0-4D92-A4D5-5BB2997920B8} = {3463CF37-EB91-479E-978F-95BA062FCE14}
		{55555C83-77BF-4C0C-942C-E402888F664A} = {FFCA74D3-AEC0-4D92-A4D5-5BB2997920B8}
		{E404563E-053C-44EC-A9AA-1FB5D605A6E6} = {FFCA74D3-AEC0-4D92-A4D5-5BB2997920B8}
		{8B86F5FF-4AC0-4D45-8C1D-A4716C43E946} = {3463CF37-EB91-479E-978F-95BA062FCE14}
		{25207E18-D7D4-485A-B136-E045C6B1A388} = {8B86F5FF-4AC0-4D45-8C1D-A4716C43E946}
		{3B6C3BB1-CD1F-4ADB-A55C-EB1E0F49FB8F} = {8B86F5FF-4AC0-4D45-8C1D-A4716C43E946}
		{13F7A466-EC63-4EB8-9020-10A64223C93E} = {8B86F5FF-4AC0-4D45-8C1D-A4716C43E946}
		{F3C38C6F-29D0-4CE3-AB44-954DF62A2417} = {8B86F5FF-4AC0-4D45-8C1D-A4716C43E946}
		{EAB72022-8EC5-4162-8CF2-56E6CA6F0F3E} = {CCA9C045-421C-4B9D-A17A-03F911A214FF}
		{1A616598-9931-493E-BAAC-49930AB6BAC3} = {D1F806F0-8669-408A-BCB1-B0398653262E}
	EndGlobalSection
	GlobalSection(ExtensibilityGlobals) = postSolution
		SolutionGuid = {C6837A5F-C433-4A45-B349-CAA5EEEDFC5F}
	EndGlobalSection
EndGlobal
